{
  "name": "api",
  "version": "1.0.0",
  "lockfileVersion": 1,
  "requires": true,
  "dependencies": {
    "date-fns": {
      "version": "2.5.0",
      "resolved": "https://registry.npmjs.org/date-fns/-/date-fns-2.5.0.tgz",
      "integrity": "sha512-I6Tkis01//nRcmvMQw/MRE1HAtcuA5Ie6jGPb8bJZJub7494LGOObqkV3ParnsSVviAjk5C8mNKDqYVBzCopWg=="
    }
  }
}
